
Microsoft Visual Studio Solution File, Format Version 12.00
# Visual Studio Version 16
VisualStudioVersion = 16.0.30907.101
MinimumVisualStudioVersion = 10.0.40219.1
Project("{8BC9CEB8-8B4A-11D0-8D11-00A0C91BC942}") = "Lab03", "Lab03.vcxproj", "{E4988F1E-24B5-42A3-B33E-4828C99B678E}"
EndProject
Global
	GlobalSection(SolutionConfigurationPlatforms) = preSolution
		Debug|x64 = Debug|x64
		Debug|x86 = Debug|x86
		Release|x64 = Release|x64
		Release|x86 = Release|x86
	EndGlobalSection
	GlobalSection(ProjectConfigurationPlatforms) = postSolution
		{E4988F1E-24B5-42A3-B33E-4828C99B678E}.Debug|x64.ActiveCfg = Debug|x64
		{E4988F1E-24B5-42A3-B33E-4828C99B678E}.Debug|x64.Build.0 = Debug|x64
		{E4988F1E-24B5-42A3-B33E-4828C99B678E}.Debug|x86.ActiveCfg = Debug|Win32
		{E4988F1E-24B5-42A3-B33E-4828C99B678E}.Debug|x86.Build.0 = Debug|Win32
		{E4988F1E-24B5-42A3-B33E-4828C99B678E}.Release|x64.ActiveCfg = Release|x64
		{E4988F1E-24B5-42A3-B33E-4828C99B678E}.Release|x64.Build.0 = Release|x64
		{E4988F1E-24B5-42A3-B33E-4828C99B678E}.Release|x86.ActiveCfg = Release|Win32
		{E4988F1E-24B5-42A3-B33E-4828C99B678E}.Release|x86.Build.0 = Release|Win32
	EndGlobalSection
	GlobalSection(SolutionProperties) = preSolution
		HideSolutionNode = FALSE
	EndGlobalSection
	GlobalSection(ExtensibilityGlobals) = postSolution
		SolutionGuid = {F608E5F0-6651-4437-96F3-AEC2084780F1}
	EndGlobalSection
EndGlobal
